
Microsoft Visual Studio Solution File, Format Version 12.00
# Visual Studio Version 17
VisualStudioVersion = 17.5.002.0
MinimumVisualStudioVersion = 10.0.40219.1
Project("{9A19103F-16F7-4668-BE54-9A1E7A4F7556}") = "OfficeOrganizer", "OfficeOrganizer.csproj", "{B6571384-1250-407C-8DE6-C430B2E92BF5}"
EndProject
Global
	GlobalSection(SolutionConfigurationPlatforms) = preSolution
		Debug|Any CPU = Debug|Any CPU
		Release|Any CPU = Release|Any CPU
	EndGlobalSection
	GlobalSection(ProjectConfigurationPlatforms) = postSolution
		{B6571384-1250-407C-8DE6-C430B2E92BF5}.Debug|Any CPU.ActiveCfg = Debug|Any CPU
		{B6571384-1250-407C-8DE6-C430B2E92BF5}.Debug|Any CPU.Build.0 = Debug|Any CPU
		{B6571384-1250-407C-8DE6-C430B2E92BF5}.Release|Any CPU.ActiveCfg = Release|Any CPU
		{B6571384-1250-407C-8DE6-C430B2E92BF5}.Release|Any CPU.Build.0 = Release|Any CPU
	EndGlobalSection
	GlobalSection(SolutionProperties) = preSolution
		HideSolutionNode = FALSE
	EndGlobalSection
	GlobalSection(ExtensibilityGlobals) = postSolution
		SolutionGuid = {78995E3D-2FDF-444D-A763-5D8966882CF7}
	EndGlobalSection
EndGlobal
